// !$*UTF8*$!
{
	archiveVersion = 1;
	classes = {
	};
	objectVersion = 46;
	objects = {

/* Begin PBXBuildFile section */
		C44A2C5D1F237A7400D110F3 /* AppDelegate.swift in Sources */ = {isa = PBXBuildFile; fileRef = C44A2C5C1F237A7400D110F3 /* AppDelegate.swift */; };
		C44A2C5F1F237A7400D110F3 /* ViewController.swift in Sources */ = {isa = PBXBuildFile; fileRef = C44A2C5E1F237A7400D110F3 /* ViewController.swift */; };
		C44A2C621F237A7400D110F3 /* Main.storyboard in Resources */ = {isa = PBXBuildFile; fileRef = C44A2C601F237A7400D110F3 /* Main.storyboard */; };
		C44A2C641F237A7400D110F3 /* Assets.xcassets in Resources */ = {isa = PBXBuildFile; fileRef = C44A2C631F237A7400D110F3 /* Assets.xcassets */; };
		C44A2C671F237A7400D110F3 /* LaunchScreen.storyboard in Resources */ = {isa = PBXBuildFile; fileRef = C44A2C651F237A7400D110F3 /* LaunchScreen.storyboard */; };
/* End PBXBuildFile section */

/* Begin PBXFileReference section */
		C44A2C591F237A7400D110F3 /* swiftyWords.app */ = {isa = PBXFileReference; explicitFileType = wrapper.application; includeInIndex = 0; path = swiftyWords.app; sourceTree = BUILT_PRODUCTS_DIR; };
		C44A2C5C1F237A7400D110F3 /* AppDelegate.swift */ = {isa = PBXFileReference; lastKnownFileType = sourcecode.swift; path = AppDelegate.swift; sourceTree = "<group>"; };
		C44A2C5E1F237A7400D110F3 /* ViewController.swift */ = {isa = PBXFileReference; lastKnownFileType = sourcecode.swift; path = ViewController.swift; sourceTree = "<group>"; };
		C44A2C611F237A7400D110F3 /* Base */ = {isa = PBXFileReference; lastKnownFileType = file.storyboard; name = Base; path = Base.lproj/Main.storyboard; sourceTree = "<group>"; };
		C44A2C631F237A7400D110F3 /* Assets.xcassets */ = {isa = PBXFileReference; lastKnownFileType = folder.assetcatalog; path = Assets.xcassets; sourceTree = "<group>"; };
		C44A2C661F237A7400D110F3 /* Base */ = {isa = PBXFileReference; lastKnownFileType = file.storyboard; name = Base; path = Base.lproj/LaunchScreen.storyboard; sourceTree = "<group>"; };
		C44A2C681F237A7400D110F3 /* Info.plist */ = {isa = PBXFileReference; lastKnownFileType = text.plist.xml; path = Info.plist; sourceTree = "<group>"; };
/* End PBXFileReference section */

/* Begin PBXFrameworksBuildPhase section */
		C44A2C561F237A7400D110F3 /* Frameworks */ = {
			isa = PBXFrameworksBuildPhase;
			buildActionMask = 2147483647;
			files = (
			);
			runOnlyForDeploymentPostprocessing = 0;
		};
/* End PBXFrameworksBuildPhase section */

/* Begin PBXGroup section */
		C44A2C501F237A7400D110F3 = {
			isa = PBXGroup;
			children = (
				C44A2C5B1F237A7400D110F3 /* swiftyWords */,
				C44A2C5A1F237A7400D110F3 /* Products */,
			);
			sourceTree = "<group>";
		};
		C44A2C5A1F237A7400D110F3 /* Products */ = {
			isa = PBXGroup;
			children = (
				C44A2C591F237A7400D110F3 /* swiftyWords.app */,
			);
			name = Products;
			sourceTree = "<group>";
		};
		C44A2C5B1F237A7400D110F3 /* swiftyWords */ = {
			isa = PBXGroup;
			children = (
				C44A2C5C1F237A7400D110F3 /* AppDelegate.swift */,
				C44A2C5E1F237A7400D110F3 /* ViewController.swift */,
				C44A2C601F237A7400D110F3 /* Main.storyboard */,
				C44A2C631F237A7400D110F3 /* Assets.xcassets */,
				C44A2C651F237A7400D110F3 /* LaunchScreen.storyboard */,
				C44A2C681F237A7400D110F3 /* Info.plist */,
			);
			path = swiftyWords;
			sourceTree = "<group>";
		};
/* End PBXGroup section */

/* Begin PBXNativeTarget section */
		C44A2C581F237A7400D110F3 /* swiftyWords */ = {
			isa = PBXNativeTarget;
			buildConfigurationList = C44A2C6B1F237A7400D110F3 /* Build configuration list for PBXNativeTarget "swiftyWords" */;
			buildPhases = (
				C44A2C551F237A7400D110F3 /* Sources */,
				C44A2C561F237A7400D110F3 /* Frameworks */,
				C44A2C571F237A7400D110F3 /* Resources */,
			);
			buildRules = (
			);
			dependencies = (
			);
			name = swiftyWords;
			productName = swiftyWords;
			productReference = C44A2C591F237A7400D110F3 /* swiftyWords.app */;
			productType = "com.apple.product-type.application";
		};
/* End PBXNativeTarget section */

/* Begin PBXProject section */
		C44A2C511F237A7400D110F3 /* Project object */ = {
			isa = PBXProject;
			attributes = {
				LastSwiftUpdateCheck = 0830;
				LastUpgradeCheck = 0830;
				ORGANIZATIONNAME = Darren;
				TargetAttributes = {
					C44A2C581F237A7400D110F3 = {
						CreatedOnToolsVersion = 8.3.3;
						ProvisioningStyle = Automatic;
					};
				};
			};
			buildConfigurationList = C44A2C541F237A7400D110F3 /* Build configuration list for PBXProject "swiftyWords" */;
			compatibilityVersion = "Xcode 3.2";
			developmentRegion = English;
			hasScannedForEncodings = 0;
			knownRegions = (
				en,
				Base,
			);
			mainGroup = C44A2C501F237A7400D110F3;
			productRefGroup = C44A2C5A1F237A7400D110F3 /* Products */;
			projectDirPath = "";
			projectRoot = "";
			targets = (
				C44A2C581F237A7400D110F3 /* swiftyWords */,
			);
		};
/* End PBXProject section */

/* Begin PBXResourcesBuildPhase section */
		C44A2C571F237A7400D110F3 /* Resources */ = {
			isa = PBXResourcesBuildPhase;
			buildActionMask = 2147483647;
			files = (
				C44A2C671F237A7400D110F3 /* LaunchScreen.storyboard in Resources */,
				C44A2C641F237A7400D110F3 /* Assets.xcassets in Resources */,
				C44A2C621F237A7400D110F3 /* Main.storyboard in Resources */,
			);
			runOnlyForDeploymentPostprocessing = 0;
		};
/* End PBXResourcesBuildPhase section */

/* Begin PBXSourcesBuildPhase section */
		C44A2C551F237A7400D110F3 /* Sources */ = {
			isa = PBXSourcesBuildPhase;
			buildActionMask = 2147483647;
			files = (
				C44A2C5F1F237A7400D110F3 /* ViewController.swift in Sources */,
				C44A2C5D1F237A7400D110F3 /* AppDelegate.swift in Sources */,
			);
			runOnlyForDeploymentPostprocessing = 0;
		};
/* End PBXSourcesBuildPhase section */

/* Begin PBXVariantGroup section */
		C44A2C601F237A7400D110F3 /* Main.storyboard */ = {
			isa = PBXVariantGroup;
			children = (
				C44A2C611F237A7400D110F3 /* Base */,
			);
			name = Main.storyboard;
			sourceTree = "<group>";
		};
		C44A2C651F237A7400D110F3 /* LaunchScreen.storyboard */ = {
			isa = PBXVariantGroup;
			children = (
				C44A2C661F237A7400D110F3 /* Base */,
			);
			name = LaunchScreen.storyboard;
			sourceTree = "<group>";
		};
/* End PBXVariantGroup section */

/* Begin XCBuildConfiguration section */
		C44A2C691F237A7400D110F3 /* Debug */ = {
			isa = XCBuildConfiguration;
			buildSettings = {
				ALWAYS_SEARCH_USER_PATHS = NO;
				CLANG_ANALYZER_NONNULL = YES;
				CLANG_ANALYZER_NUMBER_OBJECT_CONVERSION = YES_AGGRESSIVE;
				CLANG_CXX_LANGUAGE_STANDARD = "gnu++0x";
				CLANG_CXX_LIBRARY = "libc++";
				CLANG_ENABLE_MODULES = YES;
				CLANG_ENABLE_OBJC_ARC = YES;
				CLANG_WARN_BOOL_CONVERSION = YES;
				CLANG_WARN_CONSTANT_CONVERSION = YES;
				CLANG_WARN_DIRECT_OBJC_ISA_USAGE = YES_ERROR;
				CLANG_WARN_DOCUMENTATION_COMMENTS = YES;
				CLANG_WARN_EMPTY_BODY = YES;
				CLANG_WARN_ENUM_CONVERSION = YES;
				CLANG_WARN_INFINITE_RECURSION = YES;
				CLANG_WARN_INT_CONVERSION = YES;
				CLANG_WARN_OBJC_ROOT_CLASS = YES_ERROR;
				CLANG_WARN_SUSPICIOUS_MOVE = YES;
				CLANG_WARN_UNREACHABLE_CODE = YES;
				CLANG_WARN__DUPLICATE_METHOD_MATCH = YES;
				"CODE_SIGN_IDENTITY[sdk=iphoneos*]" = "iPhone Developer";
				COPY_PHASE_STRIP = NO;
				DEBUG_INFORMATION_FORMAT = dwarf;
				ENABLE_STRICT_OBJC_MSGSEND = YES;
				ENABLE_TESTABILITY = YES;
				GCC_C_LANGUAGE_STANDARD = gnu99;
				GCC_DYNAMIC_NO_PIC = NO;
				GCC_NO_COMMON_BLOCKS = YES;
				GCC_OPTIMIZATION_LEVEL = 0;
				GCC_PREPROCESSOR_DEFINITIONS = (
					"DEBUG=1",
					"$(inherited)",
				);
				GCC_WARN_64_TO_32_BIT_CONVERSION = YES;
				GCC_WARN_ABOUT_RETURN_TYPE = YES_ERROR;
				GCC_WARN_UNDECLARED_SELECTOR = YES;
				GCC_WARN_UNINITIALIZED_AUTOS = YES_AGGRESSIVE;
				GCC_WARN_UNUSED_FUNCTION = YES;
				GCC_WARN_UNUSED_VARIABLE = YES;
				IPHONEOS_DEPLOYMENT_TARGET = 10.3;
				MTL_ENABLE_DEBUG_INFO = YES;
				ONLY_ACTIVE_ARCH = YES;
				SDKROOT = iphoneos;
				SWIFT_ACTIVE_COMPILATION_CONDITIONS = DEBUG;
				SWIFT_OPTIMIZATION_LEVEL = "-Onone";
				TARGETED_DEVICE_FAMILY = 2;
			};
			name = Debug;
		};
		C44A2C6A1F237A7400D110F3 /* Release */ = {
			isa = XCBuildConfiguration;
			buildSettings = {
				ALWAYS_SEARCH_USER_PATHS = NO;
				CLANG_ANALYZER_NONNULL = YES;
				CLANG_ANALYZER_NUMBER_OBJECT_CONVERSION = YES_AGGRESSIVE;
				CLANG_CXX_LANGUAGE_STANDARD = "gnu++0x";
				CLANG_CXX_LIBRARY = "libc++";
				CLANG_ENABLE_MODULES = YES;
				CLANG_ENABLE_OBJC_ARC = YES;
				CLANG_WARN_BOOL_CONVERSION = YES;
				CLANG_WARN_CONSTANT_CONVERSION = YES;
				CLANG_WARN_DIRECT_OBJC_ISA_USAGE = YES_ERROR;
				CLANG_WARN_DOCUMENTATION_COMMENTS = YES;
				CLANG_WARN_EMPTY_BODY = YES;
				CLANG_WARN_ENUM_CONVERSION = YES;
				CLANG_WARN_INFINITE_RECURSION = YES;
				CLANG_WARN_INT_CONVERSION = YES;
				CLANG_WARN_OBJC_ROOT_CLASS = YES_ERROR;
				CLANG_WARN_SUSPICIOUS_MOVE = YES;
				CLANG_WARN_UNREACHABLE_CODE = YES;
				CLANG_WARN__DUPLICATE_METHOD_MATCH = YES;
				"CODE_SIGN_IDENTITY[sdk=iphoneos*]" = "iPhone Developer";
				COPY_PHASE_STRIP = NO;
				DEBUG_INFORMATION_FORMAT = "dwarf-with-dsym";
				ENABLE_NS_ASSERTIONS = NO;
				ENABLE_STRICT_OBJC_MSGSEND = YES;
				GCC_C_LANGUAGE_STANDARD = gnu99;
				GCC_NO_COMMON_BLOCKS = YES;
				GCC_WARN_64_TO_32_BIT_CONVERSION = YES;
				GCC_WARN_ABOUT_RETURN_TYPE = YES_ERROR;
				GCC_WARN_UNDECLARED_SELECTOR = YES;
				GCC_WARN_UNINITIALIZED_AUTOS = YES_AGGRESSIVE;
				GCC_WARN_UNUSED_FUNCTION = YES;
				GCC_WARN_UNUSED_VARIABLE = YES;
				IPHONEOS_DEPLOYMENT_TARGET = 10.3;
				MTL_ENABLE_DEBUG_INFO = NO;
				SDKROOT = iphoneos;
				SWIFT_OPTIMIZATION_LEVEL = "-Owholemodule";
				TARGETED_DEVICE_FAMILY = 2;
				VALIDATE_PRODUCT = YES;
			};
			name = Release;
		};
		C44A2C6C1F237A7400D110F3 /* Debug */ = {
			isa = XCBuildConfiguration;
			buildSettings = {
				ASSETCATALOG_COMPILER_APPICON_NAME = AppIcon;
				INFOPLIST_FILE = swiftyWords/Info.plist;
				LD_RUNPATH_SEARCH_PATHS = "$(inherited) @executable_path/Frameworks";
				PRODUCT_BUNDLE_IDENTIFIER = com.darren.swiftyWords;
				PRODUCT_NAME = "$(TARGET_NAME)";
				SWIFT_VERSION = 3.0;
			};
			name = Debug;
		};
		C44A2C6D1F237A7400D110F3 /* Release */ = {
			isa = XCBuildConfiguration;
			buildSettings = {
				ASSETCATALOG_COMPILER_APPICON_NAME = AppIcon;
				INFOPLIST_FILE = swiftyWords/Info.plist;
				LD_RUNPATH_SEARCH_PATHS = "$(inherited) @executable_path/Frameworks";
				PRODUCT_BUNDLE_IDENTIFIER = com.darren.swiftyWords;
				PRODUCT_NAME = "$(TARGET_NAME)";
				SWIFT_VERSION = 3.0;
			};
			name = Release;
		};
/* End XCBuildConfiguration section */

/* Begin XCConfigurationList section */
		C44A2C541F237A7400D110F3 /* Build configuration list for PBXProject "swiftyWords" */ = {
			isa = XCConfigurationList;
			buildConfigurations = (
				C44A2C691F237A7400D110F3 /* Debug */,
				C44A2C6A1F237A7400D110F3 /* Release */,
			);
			defaultConfigurationIsVisible = 0;
			defaultConfigurationName = Release;
		};
		C44A2C6B1F237A7400D110F3 /* Build configuration list for PBXNativeTarget "swiftyWords" */ = {
			isa = XCConfigurationList;
			buildConfigurations = (
				C44A2C6C1F237A7400D110F3 /* Debug */,
				C44A2C6D1F237A7400D110F3 /* Release */,
			);
			defaultConfigurationIsVisible = 0;
		};
/* End XCConfigurationList section */
	};
	rootObject = C44A2C511F237A7400D110F3 /* Project object */;
}
